
Microsoft Visual Studio Solution File, Format Version 12.00
# Visual Studio Version 16
VisualStudioVersion = 16.0.34031.81
MinimumVisualStudioVersion = 10.0.40219.1
Project("{FAE04EC0-301F-11D3-BF4B-00C04F79EFBC}") = "BT00", "BT00\BT00.csproj", "{5B843F5B-7EE5-4BC9-8A6C-F6D3D45CFF88}"
EndProject
Global
	GlobalSection(SolutionConfigurationPlatforms) = preSolution
		Debug|Any CPU = Debug|Any CPU
		Release|Any CPU = Release|Any CPU
	EndGlobalSection
	GlobalSection(ProjectConfigurationPlatforms) = postSolution
		{5B843F5B-7EE5-4BC9-8A6C-F6D3D45CFF88}.Debug|Any CPU.ActiveCfg = Debug|Any CPU
		{5B843F5B-7EE5-4BC9-8A6C-F6D3D45CFF88}.Debug|Any CPU.Build.0 = Debug|Any CPU
		{5B843F5B-7EE5-4BC9-8A6C-F6D3D45CFF88}.Release|Any CPU.ActiveCfg = Release|Any CPU
		{5B843F5B-7EE5-4BC9-8A6C-F6D3D45CFF88}.Release|Any CPU.Build.0 = Release|Any CPU
	EndGlobalSection
	GlobalSection(SolutionProperties) = preSolution
		HideSolutionNode = FALSE
	EndGlobalSection
	GlobalSection(ExtensibilityGlobals) = postSolution
		SolutionGuid = {E8B9ADE9-7047-419A-95E9-D8DDB80171B4}
	EndGlobalSection
EndGlobal
